
Microsoft Visual Studio Solution File, Format Version 12.00
# Visual Studio Version 16
VisualStudioVersion = 16.0.32929.386
MinimumVisualStudioVersion = 10.0.40219.1
Project("{FAE04EC0-301F-11D3-BF4B-00C04F79EFBC}") = "ActualizacionTablas.Padron", "ActualizacionTablas.Padron\ActualizacionTablas.Padron.csproj", "{A60264B3-5886-4888-B2FA-1F6A77A19519}"
EndProject
Global
	GlobalSection(SolutionConfigurationPlatforms) = preSolution
		Debug|Any CPU = Debug|Any CPU
		Release|Any CPU = Release|Any CPU
	EndGlobalSection
	GlobalSection(ProjectConfigurationPlatforms) = postSolution
		{A60264B3-5886-4888-B2FA-1F6A77A19519}.Debug|Any CPU.ActiveCfg = Debug|Any CPU
		{A60264B3-5886-4888-B2FA-1F6A77A19519}.Debug|Any CPU.Build.0 = Debug|Any CPU
		{A60264B3-5886-4888-B2FA-1F6A77A19519}.Release|Any CPU.ActiveCfg = Release|Any CPU
		{A60264B3-5886-4888-B2FA-1F6A77A19519}.Release|Any CPU.Build.0 = Release|Any CPU
	EndGlobalSection
	GlobalSection(SolutionProperties) = preSolution
		HideSolutionNode = FALSE
	EndGlobalSection
	GlobalSection(ExtensibilityGlobals) = postSolution
		SolutionGuid = {263DC2B4-6259-40F6-931A-68A4D1AEE25E}
	EndGlobalSection
EndGlobal
